
Microsoft Visual Studio Solution File, Format Version 12.00
# Visual Studio Version 17
VisualStudioVersion = 17.10.35122.118
MinimumVisualStudioVersion = 10.0.40219.1
Project("{2150E333-8FDC-42A3-9474-1A3956D46DE8}") = "Solution Items", "Solution Items", "{9C545ECC-9543-4AC1-BE9D-8F2872978C13}"
	ProjectSection(SolutionItems) = preProject
		.gitignore = .gitignore
	EndProjectSection
EndProject
Project("{9A19103F-16F7-4668-BE54-9A1E7A4F7556}") = "src\Api", "src\Api\Api.csproj", "{B7E36A2F-28A1-4B68-BCF6-2E4F9EBDADAA}"
EndProject
Project("{FAE04EC0-301F-11D3-BF4B-00C04F79EFBC}") = "src\Domain", "src\Domain\Domain.csproj", "{9075773E-3002-4801-9B18-E5E6E87E8932}"
EndProject
Project("{FAE04EC0-301F-11D3-BF4B-00C04F79EFBC}") = "src\Infra", "src\Infra\Infra.csproj", "{58430E72-F849-41F1-AA73-9557F167732E}"
EndProject
Global
	GlobalSection(SolutionConfigurationPlatforms) = preSolution
		Debug|Any CPU = Debug|Any CPU
		Release|Any CPU = Release|Any CPU
	EndGlobalSection
	GlobalSection(ProjectConfigurationPlatforms) = postSolution
		{B7E36A2F-28A1-4B68-BCF6-2E4F9EBDADAA}.Debug|Any CPU.ActiveCfg = Debug|Any CPU
		{B7E36A2F-28A1-4B68-BCF6-2E4F9EBDADAA}.Debug|Any CPU.Build.0 = Debug|Any CPU
		{B7E36A2F-28A1-4B68-BCF6-2E4F9EBDADAA}.Release|Any CPU.ActiveCfg = Release|Any CPU
		{B7E36A2F-28A1-4B68-BCF6-2E4F9EBDADAA}.Release|Any CPU.Build.0 = Release|Any CPU
		{9075773E-3002-4801-9B18-E5E6E87E8932}.Debug|Any CPU.ActiveCfg = Debug|Any CPU
		{9075773E-3002-4801-9B18-E5E6E87E8932}.Debug|Any CPU.Build.0 = Debug|Any CPU
		{9075773E-3002-4801-9B18-E5E6E87E8932}.Release|Any CPU.ActiveCfg = Release|Any CPU
		{9075773E-3002-4801-9B18-E5E6E87E8932}.Release|Any CPU.Build.0 = Release|Any CPU
		{58430E72-F849-41F1-AA73-9557F167732E}.Debug|Any CPU.ActiveCfg = Debug|Any CPU
		{58430E72-F849-41F1-AA73-9557F167732E}.Debug|Any CPU.Build.0 = Debug|Any CPU
		{58430E72-F849-41F1-AA73-9557F167732E}.Release|Any CPU.ActiveCfg = Release|Any CPU
		{58430E72-F849-41F1-AA73-9557F167732E}.Release|Any CPU.Build.0 = Release|Any CPU
	EndGlobalSection
	GlobalSection(SolutionProperties) = preSolution
		HideSolutionNode = FALSE
	EndGlobalSection
	GlobalSection(ExtensibilityGlobals) = postSolution
		SolutionGuid = {30469FD0-DD61-4EB3-AFCA-42370F03380B}
	EndGlobalSection
EndGlobal
